
Microsoft Visual Studio Solution File, Format Version 12.00
# Visual Studio Version 17
VisualStudioVersion = 17.10.35004.147
MinimumVisualStudioVersion = 10.0.40219.1
Project("{FAE04EC0-301F-11D3-BF4B-00C04F79EFBC}") = "Presentation_Layer", "Presentation_Layer\Presentation_Layer.csproj", "{0CD4320A-6AE8-4E24-A9BE-7335A0BE419C}"
EndProject
Project("{FAE04EC0-301F-11D3-BF4B-00C04F79EFBC}") = "DataAccess_Layer", "DataAccess_Layer\DataAccess_Layer.csproj", "{BE10FDE0-1006-40F1-B769-21EFA58B00E5}"
EndProject
Project("{FAE04EC0-301F-11D3-BF4B-00C04F79EFBC}") = "BusniussLogic_Layer", "BusniussLogic_Layer\BusniussLogic_Layer.csproj", "{8C5B1FA7-9764-4F7D-81CD-39DB2BFA9C8B}"
EndProject
Global
	GlobalSection(SolutionConfigurationPlatforms) = preSolution
		Debug|Any CPU = Debug|Any CPU
		Release|Any CPU = Release|Any CPU
	EndGlobalSection
	GlobalSection(ProjectConfigurationPlatforms) = postSolution
		{0CD4320A-6AE8-4E24-A9BE-7335A0BE419C}.Debug|Any CPU.ActiveCfg = Debug|Any CPU
		{0CD4320A-6AE8-4E24-A9BE-7335A0BE419C}.Debug|Any CPU.Build.0 = Debug|Any CPU
		{0CD4320A-6AE8-4E24-A9BE-7335A0BE419C}.Release|Any CPU.ActiveCfg = Release|Any CPU
		{0CD4320A-6AE8-4E24-A9BE-7335A0BE419C}.Release|Any CPU.Build.0 = Release|Any CPU
		{BE10FDE0-1006-40F1-B769-21EFA58B00E5}.Debug|Any CPU.ActiveCfg = Debug|Any CPU
		{BE10FDE0-1006-40F1-B769-21EFA58B00E5}.Debug|Any CPU.Build.0 = Debug|Any CPU
		{BE10FDE0-1006-40F1-B769-21EFA58B00E5}.Release|Any CPU.ActiveCfg = Release|Any CPU
		{BE10FDE0-1006-40F1-B769-21EFA58B00E5}.Release|Any CPU.Build.0 = Release|Any CPU
		{8C5B1FA7-9764-4F7D-81CD-39DB2BFA9C8B}.Debug|Any CPU.ActiveCfg = Debug|Any CPU
		{8C5B1FA7-9764-4F7D-81CD-39DB2BFA9C8B}.Debug|Any CPU.Build.0 = Debug|Any CPU
		{8C5B1FA7-9764-4F7D-81CD-39DB2BFA9C8B}.Release|Any CPU.ActiveCfg = Release|Any CPU
		{8C5B1FA7-9764-4F7D-81CD-39DB2BFA9C8B}.Release|Any CPU.Build.0 = Release|Any CPU
	EndGlobalSection
	GlobalSection(SolutionProperties) = preSolution
		HideSolutionNode = FALSE
	EndGlobalSection
	GlobalSection(ExtensibilityGlobals) = postSolution
		SolutionGuid = {E9998634-CF08-44E7-B2CC-ACBE7C942858}
	EndGlobalSection
EndGlobal
